
Microsoft Visual Studio Solution File, Format Version 15.00
# Visual Studio 2017
Project("{FAE04EC0-301F-11D3-BF4B-00C04F79EFBC}") = "TableStorageRepository.Core", "TableStorageRepository.Core.csproj", "{2FC54B5A-A48B-4310-9DB0-0CC8118B3A46}"
EndProject
Global
	GlobalSection(SolutionConfigurationPlatforms) = preSolution
		Debug|Any CPU = Debug|Any CPU
		Release|Any CPU = Release|Any CPU
	EndGlobalSection
	GlobalSection(ProjectConfigurationPlatforms) = postSolution
		{2FC54B5A-A48B-4310-9DB0-0CC8118B3A46}.Debug|Any CPU.ActiveCfg = Debug|Any CPU
		{2FC54B5A-A48B-4310-9DB0-0CC8118B3A46}.Debug|Any CPU.Build.0 = Debug|Any CPU
		{2FC54B5A-A48B-4310-9DB0-0CC8118B3A46}.Release|Any CPU.ActiveCfg = Release|Any CPU
		{2FC54B5A-A48B-4310-9DB0-0CC8118B3A46}.Release|Any CPU.Build.0 = Release|Any CPU
	EndGlobalSection
EndGlobal
